
Microsoft Visual Studio Solution File, Format Version 12.00
# Visual Studio Version 16
VisualStudioVersion = 16.0.30309.148
MinimumVisualStudioVersion = 10.0.40219.1
Project("{FAE04EC0-301F-11D3-BF4B-00C04F79EFBC}") = "LabProgra", "LabProgra\LabProgra.csproj", "{F2A2EA63-7F02-4C1C-B286-EB249EA506E5}"
EndProject
Project("{FAE04EC0-301F-11D3-BF4B-00C04F79EFBC}") = "CapaDatos", "CapaDatos\CapaDatos.csproj", "{86107C42-E08A-4841-99BD-7D53569D2E75}"
EndProject
Global
	GlobalSection(SolutionConfigurationPlatforms) = preSolution
		Debug|Any CPU = Debug|Any CPU
		Release|Any CPU = Release|Any CPU
	EndGlobalSection
	GlobalSection(ProjectConfigurationPlatforms) = postSolution
		{F2A2EA63-7F02-4C1C-B286-EB249EA506E5}.Debug|Any CPU.ActiveCfg = Debug|Any CPU
		{F2A2EA63-7F02-4C1C-B286-EB249EA506E5}.Debug|Any CPU.Build.0 = Debug|Any CPU
		{F2A2EA63-7F02-4C1C-B286-EB249EA506E5}.Release|Any CPU.ActiveCfg = Release|Any CPU
		{F2A2EA63-7F02-4C1C-B286-EB249EA506E5}.Release|Any CPU.Build.0 = Release|Any CPU
		{86107C42-E08A-4841-99BD-7D53569D2E75}.Debug|Any CPU.ActiveCfg = Debug|Any CPU
		{86107C42-E08A-4841-99BD-7D53569D2E75}.Debug|Any CPU.Build.0 = Debug|Any CPU
		{86107C42-E08A-4841-99BD-7D53569D2E75}.Release|Any CPU.ActiveCfg = Release|Any CPU
		{86107C42-E08A-4841-99BD-7D53569D2E75}.Release|Any CPU.Build.0 = Release|Any CPU
	EndGlobalSection
	GlobalSection(SolutionProperties) = preSolution
		HideSolutionNode = FALSE
	EndGlobalSection
	GlobalSection(ExtensibilityGlobals) = postSolution
		SolutionGuid = {C9A4E9E7-ECFB-42AC-BF18-4337BF7AFF0C}
	EndGlobalSection
EndGlobal
